
Microsoft Visual Studio Solution File, Format Version 12.00
# Visual Studio 15
VisualStudioVersion = 15.0.28307.1022
MinimumVisualStudioVersion = 10.0.40219.1
Project("{9A19103F-16F7-4668-BE54-9A1E7A4F7556}") = "LojaVirtual", "LojaVirtual\LojaVirtual.csproj", "{C3F27297-8D99-4C6C-819E-0BDE87D962EC}"
EndProject
Global
	GlobalSection(SolutionConfigurationPlatforms) = preSolution
		Debug|Any CPU = Debug|Any CPU
		Release|Any CPU = Release|Any CPU
	EndGlobalSection
	GlobalSection(ProjectConfigurationPlatforms) = postSolution
		{C3F27297-8D99-4C6C-819E-0BDE87D962EC}.Debug|Any CPU.ActiveCfg = Debug|Any CPU
		{C3F27297-8D99-4C6C-819E-0BDE87D962EC}.Debug|Any CPU.Build.0 = Debug|Any CPU
		{C3F27297-8D99-4C6C-819E-0BDE87D962EC}.Release|Any CPU.ActiveCfg = Release|Any CPU
		{C3F27297-8D99-4C6C-819E-0BDE87D962EC}.Release|Any CPU.Build.0 = Release|Any CPU
	EndGlobalSection
	GlobalSection(SolutionProperties) = preSolution
		HideSolutionNode = FALSE
	EndGlobalSection
	GlobalSection(ExtensibilityGlobals) = postSolution
		SolutionGuid = {A90E13C7-1C2D-43DE-AAC1-19CED05A6576}
	EndGlobalSection
EndGlobal
